// !$*UTF8*$!
{
	archiveVersion = 1;
	classes = {
	};
	objectVersion = 55;
	objects = {

/* Begin PBXBuildFile section */
		3F53D17B2A43B12A00C83FB8 /* AppDelegate.swift in Sources */ = {isa = PBXBuildFile; fileRef = 3F53D17A2A43B12A00C83FB8 /* AppDelegate.swift */; };
		3F53D17D2A43B12A00C83FB8 /* SceneDelegate.swift in Sources */ = {isa = PBXBuildFile; fileRef = 3F53D17C2A43B12A00C83FB8 /* SceneDelegate.swift */; };
		3F53D17F2A43B12A00C83FB8 /* ViewController.swift in Sources */ = {isa = PBXBuildFile; fileRef = 3F53D17E2A43B12A00C83FB8 /* ViewController.swift */; };
		3F53D1822A43B12A00C83FB8 /* Main.storyboard in Resources */ = {isa = PBXBuildFile; fileRef = 3F53D1802A43B12A00C83FB8 /* Main.storyboard */; };
		3F53D1842A43B12D00C83FB8 /* Assets.xcassets in Resources */ = {isa = PBXBuildFile; fileRef = 3F53D1832A43B12D00C83FB8 /* Assets.xcassets */; };
		3F53D1872A43B12D00C83FB8 /* LaunchScreen.storyboard in Resources */ = {isa = PBXBuildFile; fileRef = 3F53D1852A43B12D00C83FB8 /* LaunchScreen.storyboard */; };
		3F53D1922A43B12D00C83FB8 /* iTakepicTests.swift in Sources */ = {isa = PBXBuildFile; fileRef = 3F53D1912A43B12D00C83FB8 /* iTakepicTests.swift */; };
		3F53D19C2A43B12E00C83FB8 /* iTakepicUITests.swift in Sources */ = {isa = PBXBuildFile; fileRef = 3F53D19B2A43B12D00C83FB8 /* iTakepicUITests.swift */; };
		3F53D19E2A43B12E00C83FB8 /* iTakepicUITestsLaunchTests.swift in Sources */ = {isa = PBXBuildFile; fileRef = 3F53D19D2A43B12E00C83FB8 /* iTakepicUITestsLaunchTests.swift */; };
		3F53D1AE2A43B6F900C83FB8 /* CarsTableViewCell.swift in Sources */ = {isa = PBXBuildFile; fileRef = 3F53D1AC2A43B6F900C83FB8 /* CarsTableViewCell.swift */; };
		3F53D1AF2A43B6F900C83FB8 /* CarsTableViewCell.xib in Resources */ = {isa = PBXBuildFile; fileRef = 3F53D1AD2A43B6F900C83FB8 /* CarsTableViewCell.xib */; };
/* End PBXBuildFile section */

/* Begin PBXContainerItemProxy section */
		3F53D18E2A43B12D00C83FB8 /* PBXContainerItemProxy */ = {
			isa = PBXContainerItemProxy;
			containerPortal = 3F53D16F2A43B12900C83FB8 /* Project object */;
			proxyType = 1;
			remoteGlobalIDString = 3F53D1762A43B12A00C83FB8;
			remoteInfo = iTakepic;
		};
		3F53D1982A43B12D00C83FB8 /* PBXContainerItemProxy */ = {
			isa = PBXContainerItemProxy;
			containerPortal = 3F53D16F2A43B12900C83FB8 /* Project object */;
			proxyType = 1;
			remoteGlobalIDString = 3F53D1762A43B12A00C83FB8;
			remoteInfo = iTakepic;
		};
/* End PBXContainerItemProxy section */

/* Begin PBXFileReference section */
		3F53D1772A43B12A00C83FB8 /* iTakepic.app */ = {isa = PBXFileReference; explicitFileType = wrapper.application; includeInIndex = 0; path = iTakepic.app; sourceTree = BUILT_PRODUCTS_DIR; };
		3F53D17A2A43B12A00C83FB8 /* AppDelegate.swift */ = {isa = PBXFileReference; lastKnownFileType = sourcecode.swift; path = AppDelegate.swift; sourceTree = "<group>"; };
		3F53D17C2A43B12A00C83FB8 /* SceneDelegate.swift */ = {isa = PBXFileReference; lastKnownFileType = sourcecode.swift; path = SceneDelegate.swift; sourceTree = "<group>"; };
		3F53D17E2A43B12A00C83FB8 /* ViewController.swift */ = {isa = PBXFileReference; lastKnownFileType = sourcecode.swift; path = ViewController.swift; sourceTree = "<group>"; };
		3F53D1812A43B12A00C83FB8 /* Base */ = {isa = PBXFileReference; lastKnownFileType = file.storyboard; name = Base; path = Base.lproj/Main.storyboard; sourceTree = "<group>"; };
		3F53D1832A43B12D00C83FB8 /* Assets.xcassets */ = {isa = PBXFileReference; lastKnownFileType = folder.assetcatalog; path = Assets.xcassets; sourceTree = "<group>"; };
		3F53D1862A43B12D00C83FB8 /* Base */ = {isa = PBXFileReference; lastKnownFileType = file.storyboard; name = Base; path = Base.lproj/LaunchScreen.storyboard; sourceTree = "<group>"; };
		3F53D1882A43B12D00C83FB8 /* Info.plist */ = {isa = PBXFileReference; lastKnownFileType = text.plist.xml; path = Info.plist; sourceTree = "<group>"; };
		3F53D18D2A43B12D00C83FB8 /* iTakepicTests.xctest */ = {isa = PBXFileReference; explicitFileType = wrapper.cfbundle; includeInIndex = 0; path = iTakepicTests.xctest; sourceTree = BUILT_PRODUCTS_DIR; };
		3F53D1912A43B12D00C83FB8 /* iTakepicTests.swift */ = {isa = PBXFileReference; lastKnownFileType = sourcecode.swift; path = iTakepicTests.swift; sourceTree = "<group>"; };
		3F53D1972A43B12D00C83FB8 /* iTakepicUITests.xctest */ = {isa = PBXFileReference; explicitFileType = wrapper.cfbundle; includeInIndex = 0; path = iTakepicUITests.xctest; sourceTree = BUILT_PRODUCTS_DIR; };
		3F53D19B2A43B12D00C83FB8 /* iTakepicUITests.swift */ = {isa = PBXFileReference; lastKnownFileType = sourcecode.swift; path = iTakepicUITests.swift; sourceTree = "<group>"; };
		3F53D19D2A43B12E00C83FB8 /* iTakepicUITestsLaunchTests.swift */ = {isa = PBXFileReference; lastKnownFileType = sourcecode.swift; path = iTakepicUITestsLaunchTests.swift; sourceTree = "<group>"; };
		3F53D1AC2A43B6F900C83FB8 /* CarsTableViewCell.swift */ = {isa = PBXFileReference; lastKnownFileType = sourcecode.swift; path = CarsTableViewCell.swift; sourceTree = "<group>"; };
		3F53D1AD2A43B6F900C83FB8 /* CarsTableViewCell.xib */ = {isa = PBXFileReference; lastKnownFileType = file.xib; path = CarsTableViewCell.xib; sourceTree = "<group>"; };
/* End PBXFileReference section */

/* Begin PBXFrameworksBuildPhase section */
		3F53D1742A43B12A00C83FB8 /* Frameworks */ = {
			isa = PBXFrameworksBuildPhase;
			buildActionMask = 2147483647;
			files = (
			);
			runOnlyForDeploymentPostprocessing = 0;
		};
		3F53D18A2A43B12D00C83FB8 /* Frameworks */ = {
			isa = PBXFrameworksBuildPhase;
			buildActionMask = 2147483647;
			files = (
			);
			runOnlyForDeploymentPostprocessing = 0;
		};
		3F53D1942A43B12D00C83FB8 /* Frameworks */ = {
			isa = PBXFrameworksBuildPhase;
			buildActionMask = 2147483647;
			files = (
			);
			runOnlyForDeploymentPostprocessing = 0;
		};
/* End PBXFrameworksBuildPhase section */

/* Begin PBXGroup section */
		3F53D16E2A43B12900C83FB8 = {
			isa = PBXGroup;
			children = (
				3F53D1792A43B12A00C83FB8 /* iTakepic */,
				3F53D1902A43B12D00C83FB8 /* iTakepicTests */,
				3F53D19A2A43B12D00C83FB8 /* iTakepicUITests */,
				3F53D1782A43B12A00C83FB8 /* Products */,
			);
			sourceTree = "<group>";
		};
		3F53D1782A43B12A00C83FB8 /* Products */ = {
			isa = PBXGroup;
			children = (
				3F53D1772A43B12A00C83FB8 /* iTakepic.app */,
				3F53D18D2A43B12D00C83FB8 /* iTakepicTests.xctest */,
				3F53D1972A43B12D00C83FB8 /* iTakepicUITests.xctest */,
			);
			name = Products;
			sourceTree = "<group>";
		};
		3F53D1792A43B12A00C83FB8 /* iTakepic */ = {
			isa = PBXGroup;
			children = (
				3F53D17A2A43B12A00C83FB8 /* AppDelegate.swift */,
				3F53D17C2A43B12A00C83FB8 /* SceneDelegate.swift */,
				3F53D17E2A43B12A00C83FB8 /* ViewController.swift */,
				3F53D1802A43B12A00C83FB8 /* Main.storyboard */,
				3F53D1AC2A43B6F900C83FB8 /* CarsTableViewCell.swift */,
				3F53D1AD2A43B6F900C83FB8 /* CarsTableViewCell.xib */,
				3F53D1832A43B12D00C83FB8 /* Assets.xcassets */,
				3F53D1852A43B12D00C83FB8 /* LaunchScreen.storyboard */,
				3F53D1882A43B12D00C83FB8 /* Info.plist */,
			);
			path = iTakepic;
			sourceTree = "<group>";
		};
		3F53D1902A43B12D00C83FB8 /* iTakepicTests */ = {
			isa = PBXGroup;
			children = (
				3F53D1912A43B12D00C83FB8 /* iTakepicTests.swift */,
			);
			path = iTakepicTests;
			sourceTree = "<group>";
		};
		3F53D19A2A43B12D00C83FB8 /* iTakepicUITests */ = {
			isa = PBXGroup;
			children = (
				3F53D19B2A43B12D00C83FB8 /* iTakepicUITests.swift */,
				3F53D19D2A43B12E00C83FB8 /* iTakepicUITestsLaunchTests.swift */,
			);
			path = iTakepicUITests;
			sourceTree = "<group>";
		};
/* End PBXGroup section */

/* Begin PBXNativeTarget section */
		3F53D1762A43B12A00C83FB8 /* iTakepic */ = {
			isa = PBXNativeTarget;
			buildConfigurationList = 3F53D1A12A43B12E00C83FB8 /* Build configuration list for PBXNativeTarget "iTakepic" */;
			buildPhases = (
				3F53D1732A43B12A00C83FB8 /* Sources */,
				3F53D1742A43B12A00C83FB8 /* Frameworks */,
				3F53D1752A43B12A00C83FB8 /* Resources */,
			);
			buildRules = (
			);
			dependencies = (
			);
			name = iTakepic;
			productName = iTakepic;
			productReference = 3F53D1772A43B12A00C83FB8 /* iTakepic.app */;
			productType = "com.apple.product-type.application";
		};
		3F53D18C2A43B12D00C83FB8 /* iTakepicTests */ = {
			isa = PBXNativeTarget;
			buildConfigurationList = 3F53D1A42A43B12E00C83FB8 /* Build configuration list for PBXNativeTarget "iTakepicTests" */;
			buildPhases = (
				3F53D1892A43B12D00C83FB8 /* Sources */,
				3F53D18A2A43B12D00C83FB8 /* Frameworks */,
				3F53D18B2A43B12D00C83FB8 /* Resources */,
			);
			buildRules = (
			);
			dependencies = (
				3F53D18F2A43B12D00C83FB8 /* PBXTargetDependency */,
			);
			name = iTakepicTests;
			productName = iTakepicTests;
			productReference = 3F53D18D2A43B12D00C83FB8 /* iTakepicTests.xctest */;
			productType = "com.apple.product-type.bundle.unit-test";
		};
		3F53D1962A43B12D00C83FB8 /* iTakepicUITests */ = {
			isa = PBXNativeTarget;
			buildConfigurationList = 3F53D1A72A43B12E00C83FB8 /* Build configuration list for PBXNativeTarget "iTakepicUITests" */;
			buildPhases = (
				3F53D1932A43B12D00C83FB8 /* Sources */,
				3F53D1942A43B12D00C83FB8 /* Frameworks */,
				3F53D1952A43B12D00C83FB8 /* Resources */,
			);
			buildRules = (
			);
			dependencies = (
				3F53D1992A43B12D00C83FB8 /* PBXTargetDependency */,
			);
			name = iTakepicUITests;
			productName = iTakepicUITests;
			productReference = 3F53D1972A43B12D00C83FB8 /* iTakepicUITests.xctest */;
			productType = "com.apple.product-type.bundle.ui-testing";
		};
/* End PBXNativeTarget section */

/* Begin PBXProject section */
		3F53D16F2A43B12900C83FB8 /* Project object */ = {
			isa = PBXProject;
			attributes = {
				BuildIndependentTargetsInParallel = 1;
				LastSwiftUpdateCheck = 1340;
				LastUpgradeCheck = 1340;
				TargetAttributes = {
					3F53D1762A43B12A00C83FB8 = {
						CreatedOnToolsVersion = 13.4.1;
					};
					3F53D18C2A43B12D00C83FB8 = {
						CreatedOnToolsVersion = 13.4.1;
						TestTargetID = 3F53D1762A43B12A00C83FB8;
					};
					3F53D1962A43B12D00C83FB8 = {
						CreatedOnToolsVersion = 13.4.1;
						TestTargetID = 3F53D1762A43B12A00C83FB8;
					};
				};
			};
			buildConfigurationList = 3F53D1722A43B12900C83FB8 /* Build configuration list for PBXProject "iTakepic" */;
			compatibilityVersion = "Xcode 13.0";
			developmentRegion = en;
			hasScannedForEncodings = 0;
			knownRegions = (
				en,
				Base,
			);
			mainGroup = 3F53D16E2A43B12900C83FB8;
			productRefGroup = 3F53D1782A43B12A00C83FB8 /* Products */;
			projectDirPath = "";
			projectRoot = "";
			targets = (
				3F53D1762A43B12A00C83FB8 /* iTakepic */,
				3F53D18C2A43B12D00C83FB8 /* iTakepicTests */,
				3F53D1962A43B12D00C83FB8 /* iTakepicUITests */,
			);
		};
/* End PBXProject section */

/* Begin PBXResourcesBuildPhase section */
		3F53D1752A43B12A00C83FB8 /* Resources */ = {
			isa = PBXResourcesBuildPhase;
			buildActionMask = 2147483647;
			files = (
				3F53D1872A43B12D00C83FB8 /* LaunchScreen.storyboard in Resources */,
				3F53D1842A43B12D00C83FB8 /* Assets.xcassets in Resources */,
				3F53D1AF2A43B6F900C83FB8 /* CarsTableViewCell.xib in Resources */,
				3F53D1822A43B12A00C83FB8 /* Main.storyboard in Resources */,
			);
			runOnlyForDeploymentPostprocessing = 0;
		};
		3F53D18B2A43B12D00C83FB8 /* Resources */ = {
			isa = PBXResourcesBuildPhase;
			buildActionMask = 2147483647;
			files = (
			);
			runOnlyForDeploymentPostprocessing = 0;
		};
		3F53D1952A43B12D00C83FB8 /* Resources */ = {
			isa = PBXResourcesBuildPhase;
			buildActionMask = 2147483647;
			files = (
			);
			runOnlyForDeploymentPostprocessing = 0;
		};
/* End PBXResourcesBuildPhase section */

/* Begin PBXSourcesBuildPhase section */
		3F53D1732A43B12A00C83FB8 /* Sources */ = {
			isa = PBXSourcesBuildPhase;
			buildActionMask = 2147483647;
			files = (
				3F53D17F2A43B12A00C83FB8 /* ViewController.swift in Sources */,
				3F53D17B2A43B12A00C83FB8 /* AppDelegate.swift in Sources */,
				3F53D1AE2A43B6F900C83FB8 /* CarsTableViewCell.swift in Sources */,
				3F53D17D2A43B12A00C83FB8 /* SceneDelegate.swift in Sources */,
			);
			runOnlyForDeploymentPostprocessing = 0;
		};
		3F53D1892A43B12D00C83FB8 /* Sources */ = {
			isa = PBXSourcesBuildPhase;
			buildActionMask = 2147483647;
			files = (
				3F53D1922A43B12D00C83FB8 /* iTakepicTests.swift in Sources */,
			);
			runOnlyForDeploymentPostprocessing = 0;
		};
		3F53D1932A43B12D00C83FB8 /* Sources */ = {
			isa = PBXSourcesBuildPhase;
			buildActionMask = 2147483647;
			files = (
				3F53D19E2A43B12E00C83FB8 /* iTakepicUITestsLaunchTests.swift in Sources */,
				3F53D19C2A43B12E00C83FB8 /* iTakepicUITests.swift in Sources */,
			);
			runOnlyForDeploymentPostprocessing = 0;
		};
/* End PBXSourcesBuildPhase section */

/* Begin PBXTargetDependency section */
		3F53D18F2A43B12D00C83FB8 /* PBXTargetDependency */ = {
			isa = PBXTargetDependency;
			target = 3F53D1762A43B12A00C83FB8 /* iTakepic */;
			targetProxy = 3F53D18E2A43B12D00C83FB8 /* PBXContainerItemProxy */;
		};
		3F53D1992A43B12D00C83FB8 /* PBXTargetDependency */ = {
			isa = PBXTargetDependency;
			target = 3F53D1762A43B12A00C83FB8 /* iTakepic */;
			targetProxy = 3F53D1982A43B12D00C83FB8 /* PBXContainerItemProxy */;
		};
/* End PBXTargetDependency section */

/* Begin PBXVariantGroup section */
		3F53D1802A43B12A00C83FB8 /* Main.storyboard */ = {
			isa = PBXVariantGroup;
			children = (
				3F53D1812A43B12A00C83FB8 /* Base */,
			);
			name = Main.storyboard;
			sourceTree = "<group>";
		};
		3F53D1852A43B12D00C83FB8 /* LaunchScreen.storyboard */ = {
			isa = PBXVariantGroup;
			children = (
				3F53D1862A43B12D00C83FB8 /* Base */,
			);
			name = LaunchScreen.storyboard;
			sourceTree = "<group>";
		};
/* End PBXVariantGroup section */

/* Begin XCBuildConfiguration section */
		3F53D19F2A43B12E00C83FB8 /* Debug */ = {
			isa = XCBuildConfiguration;
			buildSettings = {
				ALWAYS_SEARCH_USER_PATHS = NO;
				CLANG_ANALYZER_NONNULL = YES;
				CLANG_ANALYZER_NUMBER_OBJECT_CONVERSION = YES_AGGRESSIVE;
				CLANG_CXX_LANGUAGE_STANDARD = "gnu++17";
				CLANG_ENABLE_MODULES = YES;
				CLANG_ENABLE_OBJC_ARC = YES;
				CLANG_ENABLE_OBJC_WEAK = YES;
				CLANG_WARN_BLOCK_CAPTURE_AUTORELEASING = YES;
				CLANG_WARN_BOOL_CONVERSION = YES;
				CLANG_WARN_COMMA = YES;
				CLANG_WARN_CONSTANT_CONVERSION = YES;
				CLANG_WARN_DEPRECATED_OBJC_IMPLEMENTATIONS = YES;
				CLANG_WARN_DIRECT_OBJC_ISA_USAGE = YES_ERROR;
				CLANG_WARN_DOCUMENTATION_COMMENTS = YES;
				CLANG_WARN_EMPTY_BODY = YES;
				CLANG_WARN_ENUM_CONVERSION = YES;
				CLANG_WARN_INFINITE_RECURSION = YES;
				CLANG_WARN_INT_CONVERSION = YES;
				CLANG_WARN_NON_LITERAL_NULL_CONVERSION = YES;
				CLANG_WARN_OBJC_IMPLICIT_RETAIN_SELF = YES;
				CLANG_WARN_OBJC_LITERAL_CONVERSION = YES;
				CLANG_WARN_OBJC_ROOT_CLASS = YES_ERROR;
				CLANG_WARN_QUOTED_INCLUDE_IN_FRAMEWORK_HEADER = YES;
				CLANG_WARN_RANGE_LOOP_ANALYSIS = YES;
				CLANG_WARN_STRICT_PROTOTYPES = YES;
				CLANG_WARN_SUSPICIOUS_MOVE = YES;
				CLANG_WARN_UNGUARDED_AVAILABILITY = YES_AGGRESSIVE;
				CLANG_WARN_UNREACHABLE_CODE = YES;
				CLANG_WARN__DUPLICATE_METHOD_MATCH = YES;
				COPY_PHASE_STRIP = NO;
				DEBUG_INFORMATION_FORMAT = dwarf;
				ENABLE_STRICT_OBJC_MSGSEND = YES;
				ENABLE_TESTABILITY = YES;
				GCC_C_LANGUAGE_STANDARD = gnu11;
				GCC_DYNAMIC_NO_PIC = NO;
				GCC_NO_COMMON_BLOCKS = YES;
				GCC_OPTIMIZATION_LEVEL = 0;
				GCC_PREPROCESSOR_DEFINITIONS = (
					"DEBUG=1",
					"$(inherited)",
				);
				GCC_WARN_64_TO_32_BIT_CONVERSION = YES;
				GCC_WARN_ABOUT_RETURN_TYPE = YES_ERROR;
				GCC_WARN_UNDECLARED_SELECTOR = YES;
				GCC_WARN_UNINITIALIZED_AUTOS = YES_AGGRESSIVE;
				GCC_WARN_UNUSED_FUNCTION = YES;
				GCC_WARN_UNUSED_VARIABLE = YES;
				IPHONEOS_DEPLOYMENT_TARGET = 15.5;
				MTL_ENABLE_DEBUG_INFO = INCLUDE_SOURCE;
				MTL_FAST_MATH = YES;
				ONLY_ACTIVE_ARCH = YES;
				SDKROOT = iphoneos;
				SWIFT_ACTIVE_COMPILATION_CONDITIONS = DEBUG;
				SWIFT_OPTIMIZATION_LEVEL = "-Onone";
			};
			name = Debug;
		};
		3F53D1A02A43B12E00C83FB8 /* Release */ = {
			isa = XCBuildConfiguration;
			buildSettings = {
				ALWAYS_SEARCH_USER_PATHS = NO;
				CLANG_ANALYZER_NONNULL = YES;
				CLANG_ANALYZER_NUMBER_OBJECT_CONVERSION = YES_AGGRESSIVE;
				CLANG_CXX_LANGUAGE_STANDARD = "gnu++17";
				CLANG_ENABLE_MODULES = YES;
				CLANG_ENABLE_OBJC_ARC = YES;
				CLANG_ENABLE_OBJC_WEAK = YES;
				CLANG_WARN_BLOCK_CAPTURE_AUTORELEASING = YES;
				CLANG_WARN_BOOL_CONVERSION = YES;
				CLANG_WARN_COMMA = YES;
				CLANG_WARN_CONSTANT_CONVERSION = YES;
				CLANG_WARN_DEPRECATED_OBJC_IMPLEMENTATIONS = YES;
				CLANG_WARN_DIRECT_OBJC_ISA_USAGE = YES_ERROR;
				CLANG_WARN_DOCUMENTATION_COMMENTS = YES;
				CLANG_WARN_EMPTY_BODY = YES;
				CLANG_WARN_ENUM_CONVERSION = YES;
				CLANG_WARN_INFINITE_RECURSION = YES;
				CLANG_WARN_INT_CONVERSION = YES;
				CLANG_WARN_NON_LITERAL_NULL_CONVERSION = YES;
				CLANG_WARN_OBJC_IMPLICIT_RETAIN_SELF = YES;
				CLANG_WARN_OBJC_LITERAL_CONVERSION = YES;
				CLANG_WARN_OBJC_ROOT_CLASS = YES_ERROR;
				CLANG_WARN_QUOTED_INCLUDE_IN_FRAMEWORK_HEADER = YES;
				CLANG_WARN_RANGE_LOOP_ANALYSIS = YES;
				CLANG_WARN_STRICT_PROTOTYPES = YES;
				CLANG_WARN_SUSPICIOUS_MOVE = YES;
				CLANG_WARN_UNGUARDED_AVAILABILITY = YES_AGGRESSIVE;
				CLANG_WARN_UNREACHABLE_CODE = YES;
				CLANG_WARN__DUPLICATE_METHOD_MATCH = YES;
				COPY_PHASE_STRIP = NO;
				DEBUG_INFORMATION_FORMAT = "dwarf-with-dsym";
				ENABLE_NS_ASSERTIONS = NO;
				ENABLE_STRICT_OBJC_MSGSEND = YES;
				GCC_C_LANGUAGE_STANDARD = gnu11;
				GCC_NO_COMMON_BLOCKS = YES;
				GCC_WARN_64_TO_32_BIT_CONVERSION = YES;
				GCC_WARN_ABOUT_RETURN_TYPE = YES_ERROR;
				GCC_WARN_UNDECLARED_SELECTOR = YES;
				GCC_WARN_UNINITIALIZED_AUTOS = YES_AGGRESSIVE;
				GCC_WARN_UNUSED_FUNCTION = YES;
				GCC_WARN_UNUSED_VARIABLE = YES;
				IPHONEOS_DEPLOYMENT_TARGET = 15.5;
				MTL_ENABLE_DEBUG_INFO = NO;
				MTL_FAST_MATH = YES;
				SDKROOT = iphoneos;
				SWIFT_COMPILATION_MODE = wholemodule;
				SWIFT_OPTIMIZATION_LEVEL = "-O";
				VALIDATE_PRODUCT = YES;
			};
			name = Release;
		};
		3F53D1A22A43B12E00C83FB8 /* Debug */ = {
			isa = XCBuildConfiguration;
			buildSettings = {
				ASSETCATALOG_COMPILER_APPICON_NAME = AppIcon;
				ASSETCATALOG_COMPILER_GLOBAL_ACCENT_COLOR_NAME = AccentColor;
				CODE_SIGN_STYLE = Automatic;
				CURRENT_PROJECT_VERSION = 1;
				DEVELOPMENT_TEAM = X6BCZG26RH;
				GENERATE_INFOPLIST_FILE = YES;
				INFOPLIST_FILE = iTakepic/Info.plist;
				INFOPLIST_KEY_UIApplicationSupportsIndirectInputEvents = YES;
				INFOPLIST_KEY_UILaunchStoryboardName = LaunchScreen;
				INFOPLIST_KEY_UIMainStoryboardFile = Main;
				INFOPLIST_KEY_UISupportedInterfaceOrientations_iPad = "UIInterfaceOrientationPortrait UIInterfaceOrientationPortraitUpsideDown UIInterfaceOrientationLandscapeLeft UIInterfaceOrientationLandscapeRight";
				INFOPLIST_KEY_UISupportedInterfaceOrientations_iPhone = "UIInterfaceOrientationPortrait UIInterfaceOrientationLandscapeLeft UIInterfaceOrientationLandscapeRight";
				LD_RUNPATH_SEARCH_PATHS = (
					"$(inherited)",
					"@executable_path/Frameworks",
				);
				MARKETING_VERSION = 1.0;
				PRODUCT_BUNDLE_IDENTIFIER = com.magnodevht.iTakepic;
				PRODUCT_NAME = "$(TARGET_NAME)";
				SWIFT_EMIT_LOC_STRINGS = YES;
				SWIFT_VERSION = 5.0;
				TARGETED_DEVICE_FAMILY = "1,2";
			};
			name = Debug;
		};
		3F53D1A32A43B12E00C83FB8 /* Release */ = {
			isa = XCBuildConfiguration;
			buildSettings = {
				ASSETCATALOG_COMPILER_APPICON_NAME = AppIcon;
				ASSETCATALOG_COMPILER_GLOBAL_ACCENT_COLOR_NAME = AccentColor;
				CODE_SIGN_STYLE = Automatic;
				CURRENT_PROJECT_VERSION = 1;
				DEVELOPMENT_TEAM = X6BCZG26RH;
				GENERATE_INFOPLIST_FILE = YES;
				INFOPLIST_FILE = iTakepic/Info.plist;
				INFOPLIST_KEY_UIApplicationSupportsIndirectInputEvents = YES;
				INFOPLIST_KEY_UILaunchStoryboardName = LaunchScreen;
				INFOPLIST_KEY_UIMainStoryboardFile = Main;
				INFOPLIST_KEY_UISupportedInterfaceOrientations_iPad = "UIInterfaceOrientationPortrait UIInterfaceOrientationPortraitUpsideDown UIInterfaceOrientationLandscapeLeft UIInterfaceOrientationLandscapeRight";
				INFOPLIST_KEY_UISupportedInterfaceOrientations_iPhone = "UIInterfaceOrientationPortrait UIInterfaceOrientationLandscapeLeft UIInterfaceOrientationLandscapeRight";
				LD_RUNPATH_SEARCH_PATHS = (
					"$(inherited)",
					"@executable_path/Frameworks",
				);
				MARKETING_VERSION = 1.0;
				PRODUCT_BUNDLE_IDENTIFIER = com.magnodevht.iTakepic;
				PRODUCT_NAME = "$(TARGET_NAME)";
				SWIFT_EMIT_LOC_STRINGS = YES;
				SWIFT_VERSION = 5.0;
				TARGETED_DEVICE_FAMILY = "1,2";
			};
			name = Release;
		};
		3F53D1A52A43B12E00C83FB8 /* Debug */ = {
			isa = XCBuildConfiguration;
			buildSettings = {
				ALWAYS_EMBED_SWIFT_STANDARD_LIBRARIES = YES;
				BUNDLE_LOADER = "$(TEST_HOST)";
				CODE_SIGN_STYLE = Automatic;
				CURRENT_PROJECT_VERSION = 1;
				DEVELOPMENT_TEAM = X6BCZG26RH;
				GENERATE_INFOPLIST_FILE = YES;
				IPHONEOS_DEPLOYMENT_TARGET = 15.5;
				MARKETING_VERSION = 1.0;
				PRODUCT_BUNDLE_IDENTIFIER = com.magnodevht.iTakepicTests;
				PRODUCT_NAME = "$(TARGET_NAME)";
				SWIFT_EMIT_LOC_STRINGS = NO;
				SWIFT_VERSION = 5.0;
				TARGETED_DEVICE_FAMILY = "1,2";
				TEST_HOST = "$(BUILT_PRODUCTS_DIR)/iTakepic.app/iTakepic";
			};
			name = Debug;
		};
		3F53D1A62A43B12E00C83FB8 /* Release */ = {
			isa = XCBuildConfiguration;
			buildSettings = {
				ALWAYS_EMBED_SWIFT_STANDARD_LIBRARIES = YES;
				BUNDLE_LOADER = "$(TEST_HOST)";
				CODE_SIGN_STYLE = Automatic;
				CURRENT_PROJECT_VERSION = 1;
				DEVELOPMENT_TEAM = X6BCZG26RH;
				GENERATE_INFOPLIST_FILE = YES;
				IPHONEOS_DEPLOYMENT_TARGET = 15.5;
				MARKETING_VERSION = 1.0;
				PRODUCT_BUNDLE_IDENTIFIER = com.magnodevht.iTakepicTests;
				PRODUCT_NAME = "$(TARGET_NAME)";
				SWIFT_EMIT_LOC_STRINGS = NO;
				SWIFT_VERSION = 5.0;
				TARGETED_DEVICE_FAMILY = "1,2";
				TEST_HOST = "$(BUILT_PRODUCTS_DIR)/iTakepic.app/iTakepic";
			};
			name = Release;
		};
		3F53D1A82A43B12E00C83FB8 /* Debug */ = {
			isa = XCBuildConfiguration;
			buildSettings = {
				ALWAYS_EMBED_SWIFT_STANDARD_LIBRARIES = YES;
				CODE_SIGN_STYLE = Automatic;
				CURRENT_PROJECT_VERSION = 1;
				DEVELOPMENT_TEAM = X6BCZG26RH;
				GENERATE_INFOPLIST_FILE = YES;
				MARKETING_VERSION = 1.0;
				PRODUCT_BUNDLE_IDENTIFIER = com.magnodevht.iTakepicUITests;
				PRODUCT_NAME = "$(TARGET_NAME)";
				SWIFT_EMIT_LOC_STRINGS = NO;
				SWIFT_VERSION = 5.0;
				TARGETED_DEVICE_FAMILY = "1,2";
				TEST_TARGET_NAME = iTakepic;
			};
			name = Debug;
		};
		3F53D1A92A43B12E00C83FB8 /* Release */ = {
			isa = XCBuildConfiguration;
			buildSettings = {
				ALWAYS_EMBED_SWIFT_STANDARD_LIBRARIES = YES;
				CODE_SIGN_STYLE = Automatic;
				CURRENT_PROJECT_VERSION = 1;
				DEVELOPMENT_TEAM = X6BCZG26RH;
				GENERATE_INFOPLIST_FILE = YES;
				MARKETING_VERSION = 1.0;
				PRODUCT_BUNDLE_IDENTIFIER = com.magnodevht.iTakepicUITests;
				PRODUCT_NAME = "$(TARGET_NAME)";
				SWIFT_EMIT_LOC_STRINGS = NO;
				SWIFT_VERSION = 5.0;
				TARGETED_DEVICE_FAMILY = "1,2";
				TEST_TARGET_NAME = iTakepic;
			};
			name = Release;
		};
/* End XCBuildConfiguration section */

/* Begin XCConfigurationList section */
		3F53D1722A43B12900C83FB8 /* Build configuration list for PBXProject "iTakepic" */ = {
			isa = XCConfigurationList;
			buildConfigurations = (
				3F53D19F2A43B12E00C83FB8 /* Debug */,
				3F53D1A02A43B12E00C83FB8 /* Release */,
			);
			defaultConfigurationIsVisible = 0;
			defaultConfigurationName = Release;
		};
		3F53D1A12A43B12E00C83FB8 /* Build configuration list for PBXNativeTarget "iTakepic" */ = {
			isa = XCConfigurationList;
			buildConfigurations = (
				3F53D1A22A43B12E00C83FB8 /* Debug */,
				3F53D1A32A43B12E00C83FB8 /* Release */,
			);
			defaultConfigurationIsVisible = 0;
			defaultConfigurationName = Release;
		};
		3F53D1A42A43B12E00C83FB8 /* Build configuration list for PBXNativeTarget "iTakepicTests" */ = {
			isa = XCConfigurationList;
			buildConfigurations = (
				3F53D1A52A43B12E00C83FB8 /* Debug */,
				3F53D1A62A43B12E00C83FB8 /* Release */,
			);
			defaultConfigurationIsVisible = 0;
			defaultConfigurationName = Release;
		};
		3F53D1A72A43B12E00C83FB8 /* Build configuration list for PBXNativeTarget "iTakepicUITests" */ = {
			isa = XCConfigurationList;
			buildConfigurations = (
				3F53D1A82A43B12E00C83FB8 /* Debug */,
				3F53D1A92A43B12E00C83FB8 /* Release */,
			);
			defaultConfigurationIsVisible = 0;
			defaultConfigurationName = Release;
		};
/* End XCConfigurationList section */
	};
	rootObject = 3F53D16F2A43B12900C83FB8 /* Project object */;
}
